// !$*UTF8*$!
{
	archiveVersion = 1;
	classes = {
	};
	objectVersion = 56;
	objects = {

/* Begin PBXBuildFile section */
		4E3E03B32BD66AA80073A76F /* ObjectManagementSystemApp.swift in Sources */ = {isa = PBXBuildFile; fileRef = 4E3E03B22BD66AA80073A76F /* ObjectManagementSystemApp.swift */; };
		4E3E03B52BD66AA80073A76F /* ContentView.swift in Sources */ = {isa = PBXBuildFile; fileRef = 4E3E03B42BD66AA80073A76F /* ContentView.swift */; };
		4E3E03B72BD66AA80073A76F /* Item.swift in Sources */ = {isa = PBXBuildFile; fileRef = 4E3E03B62BD66AA80073A76F /* Item.swift */; };
		4E3E03B92BD66AA90073A76F /* Assets.xcassets in Resources */ = {isa = PBXBuildFile; fileRef = 4E3E03B82BD66AA90073A76F /* Assets.xcassets */; };
		4E3E03BC2BD66AA90073A76F /* Preview Assets.xcassets in Resources */ = {isa = PBXBuildFile; fileRef = 4E3E03BB2BD66AA90073A76F /* Preview Assets.xcassets */; };
		4E3E03C62BD66AA90073A76F /* ObjectManagementSystemTests.swift in Sources */ = {isa = PBXBuildFile; fileRef = 4E3E03C52BD66AA90073A76F /* ObjectManagementSystemTests.swift */; };
		4E3E03D02BD66AA90073A76F /* ObjectManagementSystemUITests.swift in Sources */ = {isa = PBXBuildFile; fileRef = 4E3E03CF2BD66AA90073A76F /* ObjectManagementSystemUITests.swift */; };
		4E3E03D22BD66AA90073A76F /* ObjectManagementSystemUITestsLaunchTests.swift in Sources */ = {isa = PBXBuildFile; fileRef = 4E3E03D12BD66AA90073A76F /* ObjectManagementSystemUITestsLaunchTests.swift */; };
		4E3E03DF2BD66BD30073A76F /* Object.swift in Sources */ = {isa = PBXBuildFile; fileRef = 4E3E03DE2BD66BD30073A76F /* Object.swift */; };
/* End PBXBuildFile section */

/* Begin PBXContainerItemProxy section */
		4E3E03C22BD66AA90073A76F /* PBXContainerItemProxy */ = {
			isa = PBXContainerItemProxy;
			containerPortal = 4E3E03A72BD66AA80073A76F /* Project object */;
			proxyType = 1;
			remoteGlobalIDString = 4E3E03AE2BD66AA80073A76F;
			remoteInfo = ObjectManagementSystem;
		};
		4E3E03CC2BD66AA90073A76F /* PBXContainerItemProxy */ = {
			isa = PBXContainerItemProxy;
			containerPortal = 4E3E03A72BD66AA80073A76F /* Project object */;
			proxyType = 1;
			remoteGlobalIDString = 4E3E03AE2BD66AA80073A76F;
			remoteInfo = ObjectManagementSystem;
		};
/* End PBXContainerItemProxy section */

/* Begin PBXFileReference section */
		4E3E03AF2BD66AA80073A76F /* ObjectManagementSystem.app */ = {isa = PBXFileReference; explicitFileType = wrapper.application; includeInIndex = 0; path = ObjectManagementSystem.app; sourceTree = BUILT_PRODUCTS_DIR; };
		4E3E03B22BD66AA80073A76F /* ObjectManagementSystemApp.swift */ = {isa = PBXFileReference; lastKnownFileType = sourcecode.swift; path = ObjectManagementSystemApp.swift; sourceTree = "<group>"; };
		4E3E03B42BD66AA80073A76F /* ContentView.swift */ = {isa = PBXFileReference; lastKnownFileType = sourcecode.swift; path = ContentView.swift; sourceTree = "<group>"; };
		4E3E03B62BD66AA80073A76F /* Item.swift */ = {isa = PBXFileReference; lastKnownFileType = sourcecode.swift; path = Item.swift; sourceTree = "<group>"; };
		4E3E03B82BD66AA90073A76F /* Assets.xcassets */ = {isa = PBXFileReference; lastKnownFileType = folder.assetcatalog; path = Assets.xcassets; sourceTree = "<group>"; };
		4E3E03BB2BD66AA90073A76F /* Preview Assets.xcassets */ = {isa = PBXFileReference; lastKnownFileType = folder.assetcatalog; path = "Preview Assets.xcassets"; sourceTree = "<group>"; };
		4E3E03C12BD66AA90073A76F /* ObjectManagementSystemTests.xctest */ = {isa = PBXFileReference; explicitFileType = wrapper.cfbundle; includeInIndex = 0; path = ObjectManagementSystemTests.xctest; sourceTree = BUILT_PRODUCTS_DIR; };
		4E3E03C52BD66AA90073A76F /* ObjectManagementSystemTests.swift */ = {isa = PBXFileReference; lastKnownFileType = sourcecode.swift; path = ObjectManagementSystemTests.swift; sourceTree = "<group>"; };
		4E3E03CB2BD66AA90073A76F /* ObjectManagementSystemUITests.xctest */ = {isa = PBXFileReference; explicitFileType = wrapper.cfbundle; includeInIndex = 0; path = ObjectManagementSystemUITests.xctest; sourceTree = BUILT_PRODUCTS_DIR; };
		4E3E03CF2BD66AA90073A76F /* ObjectManagementSystemUITests.swift */ = {isa = PBXFileReference; lastKnownFileType = sourcecode.swift; path = ObjectManagementSystemUITests.swift; sourceTree = "<group>"; };
		4E3E03D12BD66AA90073A76F /* ObjectManagementSystemUITestsLaunchTests.swift */ = {isa = PBXFileReference; lastKnownFileType = sourcecode.swift; path = ObjectManagementSystemUITestsLaunchTests.swift; sourceTree = "<group>"; };
		4E3E03DE2BD66BD30073A76F /* Object.swift */ = {isa = PBXFileReference; lastKnownFileType = sourcecode.swift; path = Object.swift; sourceTree = "<group>"; };
/* End PBXFileReference section */

/* Begin PBXFrameworksBuildPhase section */
		4E3E03AC2BD66AA80073A76F /* Frameworks */ = {
			isa = PBXFrameworksBuildPhase;
			buildActionMask = 2147483647;
			files = (
			);
			runOnlyForDeploymentPostprocessing = 0;
		};
		4E3E03BE2BD66AA90073A76F /* Frameworks */ = {
			isa = PBXFrameworksBuildPhase;
			buildActionMask = 2147483647;
			files = (
			);
			runOnlyForDeploymentPostprocessing = 0;
		};
		4E3E03C82BD66AA90073A76F /* Frameworks */ = {
			isa = PBXFrameworksBuildPhase;
			buildActionMask = 2147483647;
			files = (
			);
			runOnlyForDeploymentPostprocessing = 0;
		};
/* End PBXFrameworksBuildPhase section */

/* Begin PBXGroup section */
		4E3E03A62BD66AA80073A76F = {
			isa = PBXGroup;
			children = (
				4E3E03B12BD66AA80073A76F /* ObjectManagementSystem */,
				4E3E03C42BD66AA90073A76F /* ObjectManagementSystemTests */,
				4E3E03CE2BD66AA90073A76F /* ObjectManagementSystemUITests */,
				4E3E03B02BD66AA80073A76F /* Products */,
			);
			sourceTree = "<group>";
		};
		4E3E03B02BD66AA80073A76F /* Products */ = {
			isa = PBXGroup;
			children = (
				4E3E03AF2BD66AA80073A76F /* ObjectManagementSystem.app */,
				4E3E03C12BD66AA90073A76F /* ObjectManagementSystemTests.xctest */,
				4E3E03CB2BD66AA90073A76F /* ObjectManagementSystemUITests.xctest */,
			);
			name = Products;
			sourceTree = "<group>";
		};
		4E3E03B12BD66AA80073A76F /* ObjectManagementSystem */ = {
			isa = PBXGroup;
			children = (
				4E3E03B22BD66AA80073A76F /* ObjectManagementSystemApp.swift */,
				4E3E03B42BD66AA80073A76F /* ContentView.swift */,
				4E3E03B62BD66AA80073A76F /* Item.swift */,
				4E3E03DE2BD66BD30073A76F /* Object.swift */,
				4E3E03B82BD66AA90073A76F /* Assets.xcassets */,
				4E3E03BA2BD66AA90073A76F /* Preview Content */,
			);
			path = ObjectManagementSystem;
			sourceTree = "<group>";
		};
		4E3E03BA2BD66AA90073A76F /* Preview Content */ = {
			isa = PBXGroup;
			children = (
				4E3E03BB2BD66AA90073A76F /* Preview Assets.xcassets */,
			);
			path = "Preview Content";
			sourceTree = "<group>";
		};
		4E3E03C42BD66AA90073A76F /* ObjectManagementSystemTests */ = {
			isa = PBXGroup;
			children = (
				4E3E03C52BD66AA90073A76F /* ObjectManagementSystemTests.swift */,
			);
			path = ObjectManagementSystemTests;
			sourceTree = "<group>";
		};
		4E3E03CE2BD66AA90073A76F /* ObjectManagementSystemUITests */ = {
			isa = PBXGroup;
			children = (
				4E3E03CF2BD66AA90073A76F /* ObjectManagementSystemUITests.swift */,
				4E3E03D12BD66AA90073A76F /* ObjectManagementSystemUITestsLaunchTests.swift */,
			);
			path = ObjectManagementSystemUITests;
			sourceTree = "<group>";
		};
/* End PBXGroup section */

/* Begin PBXNativeTarget section */
		4E3E03AE2BD66AA80073A76F /* ObjectManagementSystem */ = {
			isa = PBXNativeTarget;
			buildConfigurationList = 4E3E03D52BD66AA90073A76F /* Build configuration list for PBXNativeTarget "ObjectManagementSystem" */;
			buildPhases = (
				4E3E03AB2BD66AA80073A76F /* Sources */,
				4E3E03AC2BD66AA80073A76F /* Frameworks */,
				4E3E03AD2BD66AA80073A76F /* Resources */,
			);
			buildRules = (
			);
			dependencies = (
			);
			name = ObjectManagementSystem;
			productName = ObjectManagementSystem;
			productReference = 4E3E03AF2BD66AA80073A76F /* ObjectManagementSystem.app */;
			productType = "com.apple.product-type.application";
		};
		4E3E03C02BD66AA90073A76F /* ObjectManagementSystemTests */ = {
			isa = PBXNativeTarget;
			buildConfigurationList = 4E3E03D82BD66AA90073A76F /* Build configuration list for PBXNativeTarget "ObjectManagementSystemTests" */;
			buildPhases = (
				4E3E03BD2BD66AA90073A76F /* Sources */,
				4E3E03BE2BD66AA90073A76F /* Frameworks */,
				4E3E03BF2BD66AA90073A76F /* Resources */,
			);
			buildRules = (
			);
			dependencies = (
				4E3E03C32BD66AA90073A76F /* PBXTargetDependency */,
			);
			name = ObjectManagementSystemTests;
			productName = ObjectManagementSystemTests;
			productReference = 4E3E03C12BD66AA90073A76F /* ObjectManagementSystemTests.xctest */;
			productType = "com.apple.product-type.bundle.unit-test";
		};
		4E3E03CA2BD66AA90073A76F /* ObjectManagementSystemUITests */ = {
			isa = PBXNativeTarget;
			buildConfigurationList = 4E3E03DB2BD66AA90073A76F /* Build configuration list for PBXNativeTarget "ObjectManagementSystemUITests" */;
			buildPhases = (
				4E3E03C72BD66AA90073A76F /* Sources */,
				4E3E03C82BD66AA90073A76F /* Frameworks */,
				4E3E03C92BD66AA90073A76F /* Resources */,
			);
			buildRules = (
			);
			dependencies = (
				4E3E03CD2BD66AA90073A76F /* PBXTargetDependency */,
			);
			name = ObjectManagementSystemUITests;
			productName = ObjectManagementSystemUITests;
			productReference = 4E3E03CB2BD66AA90073A76F /* ObjectManagementSystemUITests.xctest */;
			productType = "com.apple.product-type.bundle.ui-testing";
		};
/* End PBXNativeTarget section */

/* Begin PBXProject section */
		4E3E03A72BD66AA80073A76F /* Project object */ = {
			isa = PBXProject;
			attributes = {
				BuildIndependentTargetsInParallel = 1;
				LastSwiftUpdateCheck = 1530;
				LastUpgradeCheck = 1530;
				TargetAttributes = {
					4E3E03AE2BD66AA80073A76F = {
						CreatedOnToolsVersion = 15.3;
					};
					4E3E03C02BD66AA90073A76F = {
						CreatedOnToolsVersion = 15.3;
						TestTargetID = 4E3E03AE2BD66AA80073A76F;
					};
					4E3E03CA2BD66AA90073A76F = {
						CreatedOnToolsVersion = 15.3;
						TestTargetID = 4E3E03AE2BD66AA80073A76F;
					};
				};
			};
			buildConfigurationList = 4E3E03AA2BD66AA80073A76F /* Build configuration list for PBXProject "ObjectManagementSystem" */;
			compatibilityVersion = "Xcode 14.0";
			developmentRegion = en;
			hasScannedForEncodings = 0;
			knownRegions = (
				en,
				Base,
			);
			mainGroup = 4E3E03A62BD66AA80073A76F;
			productRefGroup = 4E3E03B02BD66AA80073A76F /* Products */;
			projectDirPath = "";
			projectRoot = "";
			targets = (
				4E3E03AE2BD66AA80073A76F /* ObjectManagementSystem */,
				4E3E03C02BD66AA90073A76F /* ObjectManagementSystemTests */,
				4E3E03CA2BD66AA90073A76F /* ObjectManagementSystemUITests */,
			);
		};
/* End PBXProject section */

/* Begin PBXResourcesBuildPhase section */
		4E3E03AD2BD66AA80073A76F /* Resources */ = {
			isa = PBXResourcesBuildPhase;
			buildActionMask = 2147483647;
			files = (
				4E3E03BC2BD66AA90073A76F /* Preview Assets.xcassets in Resources */,
				4E3E03B92BD66AA90073A76F /* Assets.xcassets in Resources */,
			);
			runOnlyForDeploymentPostprocessing = 0;
		};
		4E3E03BF2BD66AA90073A76F /* Resources */ = {
			isa = PBXResourcesBuildPhase;
			buildActionMask = 2147483647;
			files = (
			);
			runOnlyForDeploymentPostprocessing = 0;
		};
		4E3E03C92BD66AA90073A76F /* Resources */ = {
			isa = PBXResourcesBuildPhase;
			buildActionMask = 2147483647;
			files = (
			);
			runOnlyForDeploymentPostprocessing = 0;
		};
/* End PBXResourcesBuildPhase section */

/* Begin PBXSourcesBuildPhase section */
		4E3E03AB2BD66AA80073A76F /* Sources */ = {
			isa = PBXSourcesBuildPhase;
			buildActionMask = 2147483647;
			files = (
				4E3E03B52BD66AA80073A76F /* ContentView.swift in Sources */,
				4E3E03B72BD66AA80073A76F /* Item.swift in Sources */,
				4E3E03DF2BD66BD30073A76F /* Object.swift in Sources */,
				4E3E03B32BD66AA80073A76F /* ObjectManagementSystemApp.swift in Sources */,
			);
			runOnlyForDeploymentPostprocessing = 0;
		};
		4E3E03BD2BD66AA90073A76F /* Sources */ = {
			isa = PBXSourcesBuildPhase;
			buildActionMask = 2147483647;
			files = (
				4E3E03C62BD66AA90073A76F /* ObjectManagementSystemTests.swift in Sources */,
			);
			runOnlyForDeploymentPostprocessing = 0;
		};
		4E3E03C72BD66AA90073A76F /* Sources */ = {
			isa = PBXSourcesBuildPhase;
			buildActionMask = 2147483647;
			files = (
				4E3E03D02BD66AA90073A76F /* ObjectManagementSystemUITests.swift in Sources */,
				4E3E03D22BD66AA90073A76F /* ObjectManagementSystemUITestsLaunchTests.swift in Sources */,
			);
			runOnlyForDeploymentPostprocessing = 0;
		};
/* End PBXSourcesBuildPhase section */

/* Begin PBXTargetDependency section */
		4E3E03C32BD66AA90073A76F /* PBXTargetDependency */ = {
			isa = PBXTargetDependency;
			target = 4E3E03AE2BD66AA80073A76F /* ObjectManagementSystem */;
			targetProxy = 4E3E03C22BD66AA90073A76F /* PBXContainerItemProxy */;
		};
		4E3E03CD2BD66AA90073A76F /* PBXTargetDependency */ = {
			isa = PBXTargetDependency;
			target = 4E3E03AE2BD66AA80073A76F /* ObjectManagementSystem */;
			targetProxy = 4E3E03CC2BD66AA90073A76F /* PBXContainerItemProxy */;
		};
/* End PBXTargetDependency section */

/* Begin XCBuildConfiguration section */
		4E3E03D32BD66AA90073A76F /* Debug */ = {
			isa = XCBuildConfiguration;
			buildSettings = {
				ALWAYS_SEARCH_USER_PATHS = NO;
				ASSETCATALOG_COMPILER_GENERATE_SWIFT_ASSET_SYMBOL_EXTENSIONS = YES;
				CLANG_ANALYZER_NONNULL = YES;
				CLANG_ANALYZER_NUMBER_OBJECT_CONVERSION = YES_AGGRESSIVE;
				CLANG_CXX_LANGUAGE_STANDARD = "gnu++20";
				CLANG_ENABLE_MODULES = YES;
				CLANG_ENABLE_OBJC_ARC = YES;
				CLANG_ENABLE_OBJC_WEAK = YES;
				CLANG_WARN_BLOCK_CAPTURE_AUTORELEASING = YES;
				CLANG_WARN_BOOL_CONVERSION = YES;
				CLANG_WARN_COMMA = YES;
				CLANG_WARN_CONSTANT_CONVERSION = YES;
				CLANG_WARN_DEPRECATED_OBJC_IMPLEMENTATIONS = YES;
				CLANG_WARN_DIRECT_OBJC_ISA_USAGE = YES_ERROR;
				CLANG_WARN_DOCUMENTATION_COMMENTS = YES;
				CLANG_WARN_EMPTY_BODY = YES;
				CLANG_WARN_ENUM_CONVERSION = YES;
				CLANG_WARN_INFINITE_RECURSION = YES;
				CLANG_WARN_INT_CONVERSION = YES;
				CLANG_WARN_NON_LITERAL_NULL_CONVERSION = YES;
				CLANG_WARN_OBJC_IMPLICIT_RETAIN_SELF = YES;
				CLANG_WARN_OBJC_LITERAL_CONVERSION = YES;
				CLANG_WARN_OBJC_ROOT_CLASS = YES_ERROR;
				CLANG_WARN_QUOTED_INCLUDE_IN_FRAMEWORK_HEADER = YES;
				CLANG_WARN_RANGE_LOOP_ANALYSIS = YES;
				CLANG_WARN_STRICT_PROTOTYPES = YES;
				CLANG_WARN_SUSPICIOUS_MOVE = YES;
				CLANG_WARN_UNGUARDED_AVAILABILITY = YES_AGGRESSIVE;
				CLANG_WARN_UNREACHABLE_CODE = YES;
				CLANG_WARN__DUPLICATE_METHOD_MATCH = YES;
				COPY_PHASE_STRIP = NO;
				DEBUG_INFORMATION_FORMAT = dwarf;
				ENABLE_STRICT_OBJC_MSGSEND = YES;
				ENABLE_TESTABILITY = YES;
				ENABLE_USER_SCRIPT_SANDBOXING = YES;
				GCC_C_LANGUAGE_STANDARD = gnu17;
				GCC_DYNAMIC_NO_PIC = NO;
				GCC_NO_COMMON_BLOCKS = YES;
				GCC_OPTIMIZATION_LEVEL = 0;
				GCC_PREPROCESSOR_DEFINITIONS = (
					"DEBUG=1",
					"$(inherited)",
				);
				GCC_WARN_64_TO_32_BIT_CONVERSION = YES;
				GCC_WARN_ABOUT_RETURN_TYPE = YES_ERROR;
				GCC_WARN_UNDECLARED_SELECTOR = YES;
				GCC_WARN_UNINITIALIZED_AUTOS = YES_AGGRESSIVE;
				GCC_WARN_UNUSED_FUNCTION = YES;
				GCC_WARN_UNUSED_VARIABLE = YES;
				IPHONEOS_DEPLOYMENT_TARGET = 17.4;
				LOCALIZATION_PREFERS_STRING_CATALOGS = YES;
				MTL_ENABLE_DEBUG_INFO = INCLUDE_SOURCE;
				MTL_FAST_MATH = YES;
				ONLY_ACTIVE_ARCH = YES;
				SDKROOT = iphoneos;
				SWIFT_ACTIVE_COMPILATION_CONDITIONS = "DEBUG $(inherited)";
				SWIFT_OPTIMIZATION_LEVEL = "-Onone";
			};
			name = Debug;
		};
		4E3E03D42BD66AA90073A76F /* Release */ = {
			isa = XCBuildConfiguration;
			buildSettings = {
				ALWAYS_SEARCH_USER_PATHS = NO;
				ASSETCATALOG_COMPILER_GENERATE_SWIFT_ASSET_SYMBOL_EXTENSIONS = YES;
				CLANG_ANALYZER_NONNULL = YES;
				CLANG_ANALYZER_NUMBER_OBJECT_CONVERSION = YES_AGGRESSIVE;
				CLANG_CXX_LANGUAGE_STANDARD = "gnu++20";
				CLANG_ENABLE_MODULES = YES;
				CLANG_ENABLE_OBJC_ARC = YES;
				CLANG_ENABLE_OBJC_WEAK = YES;
				CLANG_WARN_BLOCK_CAPTURE_AUTORELEASING = YES;
				CLANG_WARN_BOOL_CONVERSION = YES;
				CLANG_WARN_COMMA = YES;
				CLANG_WARN_CONSTANT_CONVERSION = YES;
				CLANG_WARN_DEPRECATED_OBJC_IMPLEMENTATIONS = YES;
				CLANG_WARN_DIRECT_OBJC_ISA_USAGE = YES_ERROR;
				CLANG_WARN_DOCUMENTATION_COMMENTS = YES;
				CLANG_WARN_EMPTY_BODY = YES;
				CLANG_WARN_ENUM_CONVERSION = YES;
				CLANG_WARN_INFINITE_RECURSION = YES;
				CLANG_WARN_INT_CONVERSION = YES;
				CLANG_WARN_NON_LITERAL_NULL_CONVERSION = YES;
				CLANG_WARN_OBJC_IMPLICIT_RETAIN_SELF = YES;
				CLANG_WARN_OBJC_LITERAL_CONVERSION = YES;
				CLANG_WARN_OBJC_ROOT_CLASS = YES_ERROR;
				CLANG_WARN_QUOTED_INCLUDE_IN_FRAMEWORK_HEADER = YES;
				CLANG_WARN_RANGE_LOOP_ANALYSIS = YES;
				CLANG_WARN_STRICT_PROTOTYPES = YES;
				CLANG_WARN_SUSPICIOUS_MOVE = YES;
				CLANG_WARN_UNGUARDED_AVAILABILITY = YES_AGGRESSIVE;
				CLANG_WARN_UNREACHABLE_CODE = YES;
				CLANG_WARN__DUPLICATE_METHOD_MATCH = YES;
				COPY_PHASE_STRIP = NO;
				DEBUG_INFORMATION_FORMAT = "dwarf-with-dsym";
				ENABLE_NS_ASSERTIONS = NO;
				ENABLE_STRICT_OBJC_MSGSEND = YES;
				ENABLE_USER_SCRIPT_SANDBOXING = YES;
				GCC_C_LANGUAGE_STANDARD = gnu17;
				GCC_NO_COMMON_BLOCKS = YES;
				GCC_WARN_64_TO_32_BIT_CONVERSION = YES;
				GCC_WARN_ABOUT_RETURN_TYPE = YES_ERROR;
				GCC_WARN_UNDECLARED_SELECTOR = YES;
				GCC_WARN_UNINITIALIZED_AUTOS = YES_AGGRESSIVE;
				GCC_WARN_UNUSED_FUNCTION = YES;
				GCC_WARN_UNUSED_VARIABLE = YES;
				IPHONEOS_DEPLOYMENT_TARGET = 17.4;
				LOCALIZATION_PREFERS_STRING_CATALOGS = YES;
				MTL_ENABLE_DEBUG_INFO = NO;
				MTL_FAST_MATH = YES;
				SDKROOT = iphoneos;
				SWIFT_COMPILATION_MODE = wholemodule;
				VALIDATE_PRODUCT = YES;
			};
			name = Release;
		};
		4E3E03D62BD66AA90073A76F /* Debug */ = {
			isa = XCBuildConfiguration;
			buildSettings = {
				ASSETCATALOG_COMPILER_APPICON_NAME = AppIcon;
				ASSETCATALOG_COMPILER_GLOBAL_ACCENT_COLOR_NAME = AccentColor;
				CODE_SIGN_STYLE = Automatic;
				CURRENT_PROJECT_VERSION = 1;
				DEVELOPMENT_ASSET_PATHS = "\"ObjectManagementSystem/Preview Content\"";
				DEVELOPMENT_TEAM = N74TV576H8;
				ENABLE_PREVIEWS = YES;
				GENERATE_INFOPLIST_FILE = YES;
				INFOPLIST_KEY_UIApplicationSceneManifest_Generation = YES;
				INFOPLIST_KEY_UIApplicationSupportsIndirectInputEvents = YES;
				INFOPLIST_KEY_UILaunchScreen_Generation = YES;
				INFOPLIST_KEY_UISupportedInterfaceOrientations_iPad = "UIInterfaceOrientationPortrait UIInterfaceOrientationPortraitUpsideDown UIInterfaceOrientationLandscapeLeft UIInterfaceOrientationLandscapeRight";
				INFOPLIST_KEY_UISupportedInterfaceOrientations_iPhone = "UIInterfaceOrientationPortrait UIInterfaceOrientationLandscapeLeft UIInterfaceOrientationLandscapeRight";
				LD_RUNPATH_SEARCH_PATHS = (
					"$(inherited)",
					"@executable_path/Frameworks",
				);
				MARKETING_VERSION = 1.0;
				PRODUCT_BUNDLE_IDENTIFIER = org.dag.ObjectManagementSystem;
				PRODUCT_NAME = "$(TARGET_NAME)";
				SWIFT_EMIT_LOC_STRINGS = YES;
				SWIFT_VERSION = 5.0;
				TARGETED_DEVICE_FAMILY = "1,2";
			};
			name = Debug;
		};
		4E3E03D72BD66AA90073A76F /* Release */ = {
			isa = XCBuildConfiguration;
			buildSettings = {
				ASSETCATALOG_COMPILER_APPICON_NAME = AppIcon;
				ASSETCATALOG_COMPILER_GLOBAL_ACCENT_COLOR_NAME = AccentColor;
				CODE_SIGN_STYLE = Automatic;
				CURRENT_PROJECT_VERSION = 1;
				DEVELOPMENT_ASSET_PATHS = "\"ObjectManagementSystem/Preview Content\"";
				DEVELOPMENT_TEAM = N74TV576H8;
				ENABLE_PREVIEWS = YES;
				GENERATE_INFOPLIST_FILE = YES;
				INFOPLIST_KEY_UIApplicationSceneManifest_Generation = YES;
				INFOPLIST_KEY_UIApplicationSupportsIndirectInputEvents = YES;
				INFOPLIST_KEY_UILaunchScreen_Generation = YES;
				INFOPLIST_KEY_UISupportedInterfaceOrientations_iPad = "UIInterfaceOrientationPortrait UIInterfaceOrientationPortraitUpsideDown UIInterfaceOrientationLandscapeLeft UIInterfaceOrientationLandscapeRight";
				INFOPLIST_KEY_UISupportedInterfaceOrientations_iPhone = "UIInterfaceOrientationPortrait UIInterfaceOrientationLandscapeLeft UIInterfaceOrientationLandscapeRight";
				LD_RUNPATH_SEARCH_PATHS = (
					"$(inherited)",
					"@executable_path/Frameworks",
				);
				MARKETING_VERSION = 1.0;
				PRODUCT_BUNDLE_IDENTIFIER = org.dag.ObjectManagementSystem;
				PRODUCT_NAME = "$(TARGET_NAME)";
				SWIFT_EMIT_LOC_STRINGS = YES;
				SWIFT_VERSION = 5.0;
				TARGETED_DEVICE_FAMILY = "1,2";
			};
			name = Release;
		};
		4E3E03D92BD66AA90073A76F /* Debug */ = {
			isa = XCBuildConfiguration;
			buildSettings = {
				ALWAYS_EMBED_SWIFT_STANDARD_LIBRARIES = YES;
				BUNDLE_LOADER = "$(TEST_HOST)";
				CODE_SIGN_STYLE = Automatic;
				CURRENT_PROJECT_VERSION = 1;
				DEVELOPMENT_TEAM = N74TV576H8;
				GENERATE_INFOPLIST_FILE = YES;
				IPHONEOS_DEPLOYMENT_TARGET = 17.4;
				MARKETING_VERSION = 1.0;
				PRODUCT_BUNDLE_IDENTIFIER = org.dag.ObjectManagementSystemTests;
				PRODUCT_NAME = "$(TARGET_NAME)";
				SWIFT_EMIT_LOC_STRINGS = NO;
				SWIFT_VERSION = 5.0;
				TARGETED_DEVICE_FAMILY = "1,2";
				TEST_HOST = "$(BUILT_PRODUCTS_DIR)/ObjectManagementSystem.app/$(BUNDLE_EXECUTABLE_FOLDER_PATH)/ObjectManagementSystem";
			};
			name = Debug;
		};
		4E3E03DA2BD66AA90073A76F /* Release */ = {
			isa = XCBuildConfiguration;
			buildSettings = {
				ALWAYS_EMBED_SWIFT_STANDARD_LIBRARIES = YES;
				BUNDLE_LOADER = "$(TEST_HOST)";
				CODE_SIGN_STYLE = Automatic;
				CURRENT_PROJECT_VERSION = 1;
				DEVELOPMENT_TEAM = N74TV576H8;
				GENERATE_INFOPLIST_FILE = YES;
				IPHONEOS_DEPLOYMENT_TARGET = 17.4;
				MARKETING_VERSION = 1.0;
				PRODUCT_BUNDLE_IDENTIFIER = org.dag.ObjectManagementSystemTests;
				PRODUCT_NAME = "$(TARGET_NAME)";
				SWIFT_EMIT_LOC_STRINGS = NO;
				SWIFT_VERSION = 5.0;
				TARGETED_DEVICE_FAMILY = "1,2";
				TEST_HOST = "$(BUILT_PRODUCTS_DIR)/ObjectManagementSystem.app/$(BUNDLE_EXECUTABLE_FOLDER_PATH)/ObjectManagementSystem";
			};
			name = Release;
		};
		4E3E03DC2BD66AA90073A76F /* Debug */ = {
			isa = XCBuildConfiguration;
			buildSettings = {
				ALWAYS_EMBED_SWIFT_STANDARD_LIBRARIES = YES;
				CODE_SIGN_STYLE = Automatic;
				CURRENT_PROJECT_VERSION = 1;
				DEVELOPMENT_TEAM = N74TV576H8;
				GENERATE_INFOPLIST_FILE = YES;
				MARKETING_VERSION = 1.0;
				PRODUCT_BUNDLE_IDENTIFIER = org.dag.ObjectManagementSystemUITests;
				PRODUCT_NAME = "$(TARGET_NAME)";
				SWIFT_EMIT_LOC_STRINGS = NO;
				SWIFT_VERSION = 5.0;
				TARGETED_DEVICE_FAMILY = "1,2";
				TEST_TARGET_NAME = ObjectManagementSystem;
			};
			name = Debug;
		};
		4E3E03DD2BD66AA90073A76F /* Release */ = {
			isa = XCBuildConfiguration;
			buildSettings = {
				ALWAYS_EMBED_SWIFT_STANDARD_LIBRARIES = YES;
				CODE_SIGN_STYLE = Automatic;
				CURRENT_PROJECT_VERSION = 1;
				DEVELOPMENT_TEAM = N74TV576H8;
				GENERATE_INFOPLIST_FILE = YES;
				MARKETING_VERSION = 1.0;
				PRODUCT_BUNDLE_IDENTIFIER = org.dag.ObjectManagementSystemUITests;
				PRODUCT_NAME = "$(TARGET_NAME)";
				SWIFT_EMIT_LOC_STRINGS = NO;
				SWIFT_VERSION = 5.0;
				TARGETED_DEVICE_FAMILY = "1,2";
				TEST_TARGET_NAME = ObjectManagementSystem;
			};
			name = Release;
		};
/* End XCBuildConfiguration section */

/* Begin XCConfigurationList section */
		4E3E03AA2BD66AA80073A76F /* Build configuration list for PBXProject "ObjectManagementSystem" */ = {
			isa = XCConfigurationList;
			buildConfigurations = (
				4E3E03D32BD66AA90073A76F /* Debug */,
				4E3E03D42BD66AA90073A76F /* Release */,
			);
			defaultConfigurationIsVisible = 0;
			defaultConfigurationName = Release;
		};
		4E3E03D52BD66AA90073A76F /* Build configuration list for PBXNativeTarget "ObjectManagementSystem" */ = {
			isa = XCConfigurationList;
			buildConfigurations = (
				4E3E03D62BD66AA90073A76F /* Debug */,
				4E3E03D72BD66AA90073A76F /* Release */,
			);
			defaultConfigurationIsVisible = 0;
			defaultConfigurationName = Release;
		};
		4E3E03D82BD66AA90073A76F /* Build configuration list for PBXNativeTarget "ObjectManagementSystemTests" */ = {
			isa = XCConfigurationList;
			buildConfigurations = (
				4E3E03D92BD66AA90073A76F /* Debug */,
				4E3E03DA2BD66AA90073A76F /* Release */,
			);
			defaultConfigurationIsVisible = 0;
			defaultConfigurationName = Release;
		};
		4E3E03DB2BD66AA90073A76F /* Build configuration list for PBXNativeTarget "ObjectManagementSystemUITests" */ = {
			isa = XCConfigurationList;
			buildConfigurations = (
				4E3E03DC2BD66AA90073A76F /* Debug */,
				4E3E03DD2BD66AA90073A76F /* Release */,
			);
			defaultConfigurationIsVisible = 0;
			defaultConfigurationName = Release;
		};
/* End XCConfigurationList section */
	};
	rootObject = 4E3E03A72BD66AA80073A76F /* Project object */;
}
